
Microsoft Visual Studio Solution File, Format Version 12.00
# Visual Studio Version 17
VisualStudioVersion = 17.5.33209.295
MinimumVisualStudioVersion = 10.0.40219.1
Project("{9A19103F-16F7-4668-BE54-9A1E7A4F7556}") = "TorneusClient", "TorneusClient\TorneusClient.csproj", "{759724F6-AA40-4461-B989-D7C018B15897}"
EndProject
Project("{9A19103F-16F7-4668-BE54-9A1E7A4F7556}") = "GrpcServiceTorneo", "GrpcServiceTorneo\GrpcServiceTorneo.csproj", "{5B782EA6-A87F-429C-A1FF-D0C81C4421AA}"
EndProject
Project("{9A19103F-16F7-4668-BE54-9A1E7A4F7556}") = "Datos", "Datos\Datos.csproj", "{CB60236F-5596-4353-8031-F7BF7D408ACE}"
EndProject
Project("{9A19103F-16F7-4668-BE54-9A1E7A4F7556}") = "gPRC_clases", "gPRC_clases\gPRC_clases.csproj", "{9B07BB9F-C4DB-4016-825D-57DC17DFB4B0}"
EndProject
Project("{FAE04EC0-301F-11D3-BF4B-00C04F79EFBC}") = "Util", "Util\Util.csproj", "{8217A870-CB50-4ADB-BF5C-A72A9EA5979A}"
EndProject
Global
	GlobalSection(SolutionConfigurationPlatforms) = preSolution
		Debug|Any CPU = Debug|Any CPU
		Release|Any CPU = Release|Any CPU
	EndGlobalSection
	GlobalSection(ProjectConfigurationPlatforms) = postSolution
		{759724F6-AA40-4461-B989-D7C018B15897}.Debug|Any CPU.ActiveCfg = Debug|Any CPU
		{759724F6-AA40-4461-B989-D7C018B15897}.Debug|Any CPU.Build.0 = Debug|Any CPU
		{759724F6-AA40-4461-B989-D7C018B15897}.Release|Any CPU.ActiveCfg = Release|Any CPU
		{759724F6-AA40-4461-B989-D7C018B15897}.Release|Any CPU.Build.0 = Release|Any CPU
		{5B782EA6-A87F-429C-A1FF-D0C81C4421AA}.Debug|Any CPU.ActiveCfg = Debug|Any CPU
		{5B782EA6-A87F-429C-A1FF-D0C81C4421AA}.Debug|Any CPU.Build.0 = Debug|Any CPU
		{5B782EA6-A87F-429C-A1FF-D0C81C4421AA}.Release|Any CPU.ActiveCfg = Release|Any CPU
		{5B782EA6-A87F-429C-A1FF-D0C81C4421AA}.Release|Any CPU.Build.0 = Release|Any CPU
		{CB60236F-5596-4353-8031-F7BF7D408ACE}.Debug|Any CPU.ActiveCfg = Debug|Any CPU
		{CB60236F-5596-4353-8031-F7BF7D408ACE}.Debug|Any CPU.Build.0 = Debug|Any CPU
		{CB60236F-5596-4353-8031-F7BF7D408ACE}.Release|Any CPU.ActiveCfg = Release|Any CPU
		{CB60236F-5596-4353-8031-F7BF7D408ACE}.Release|Any CPU.Build.0 = Release|Any CPU
		{9B07BB9F-C4DB-4016-825D-57DC17DFB4B0}.Debug|Any CPU.ActiveCfg = Debug|Any CPU
		{9B07BB9F-C4DB-4016-825D-57DC17DFB4B0}.Debug|Any CPU.Build.0 = Debug|Any CPU
		{9B07BB9F-C4DB-4016-825D-57DC17DFB4B0}.Release|Any CPU.ActiveCfg = Release|Any CPU
		{9B07BB9F-C4DB-4016-825D-57DC17DFB4B0}.Release|Any CPU.Build.0 = Release|Any CPU
		{8217A870-CB50-4ADB-BF5C-A72A9EA5979A}.Debug|Any CPU.ActiveCfg = Debug|Any CPU
		{8217A870-CB50-4ADB-BF5C-A72A9EA5979A}.Debug|Any CPU.Build.0 = Debug|Any CPU
		{8217A870-CB50-4ADB-BF5C-A72A9EA5979A}.Release|Any CPU.ActiveCfg = Release|Any CPU
		{8217A870-CB50-4ADB-BF5C-A72A9EA5979A}.Release|Any CPU.Build.0 = Release|Any CPU
	EndGlobalSection
	GlobalSection(SolutionProperties) = preSolution
		HideSolutionNode = FALSE
	EndGlobalSection
	GlobalSection(ExtensibilityGlobals) = postSolution
		SolutionGuid = {8EFE3BE3-0689-4754-B927-46AB6868DE9B}
	EndGlobalSection
EndGlobal
